
Microsoft Visual Studio Solution File, Format Version 12.00
# Visual Studio Version 17
VisualStudioVersion = 17.12.35506.116
MinimumVisualStudioVersion = 10.0.40219.1
Project("{FAE04EC0-301F-11D3-BF4B-00C04F79EFBC}") = "Warehouse.API", "SRC\App\Warehouse.API\Warehouse.API.csproj", "{12B4CC9B-1645-44D8-A231-9927586B6BFE}"
EndProject
Project("{FAE04EC0-301F-11D3-BF4B-00C04F79EFBC}") = "LocalStack.Setup", "SRC\Tools\LocalStack\LocalStack.Setup.csproj", "{BA285C95-E4A0-48DA-A8C5-43F6D3C1BA07}"
EndProject
Project("{2150E333-8FDC-42A3-9474-1A3956D46DE8}") = "Tools", "Tools", "{D6E112D7-9669-469B-983C-8B37DF328BF9}"
EndProject
Global
	GlobalSection(SolutionConfigurationPlatforms) = preSolution
		Debug|Any CPU = Debug|Any CPU
		Release|Any CPU = Release|Any CPU
	EndGlobalSection
	GlobalSection(ProjectConfigurationPlatforms) = postSolution
		{12B4CC9B-1645-44D8-A231-9927586B6BFE}.Debug|Any CPU.ActiveCfg = Debug|Any CPU
		{12B4CC9B-1645-44D8-A231-9927586B6BFE}.Debug|Any CPU.Build.0 = Debug|Any CPU
		{12B4CC9B-1645-44D8-A231-9927586B6BFE}.Release|Any CPU.ActiveCfg = Release|Any CPU
		{12B4CC9B-1645-44D8-A231-9927586B6BFE}.Release|Any CPU.Build.0 = Release|Any CPU
		{BA285C95-E4A0-48DA-A8C5-43F6D3C1BA07}.Debug|Any CPU.ActiveCfg = Debug|Any CPU
		{BA285C95-E4A0-48DA-A8C5-43F6D3C1BA07}.Release|Any CPU.ActiveCfg = Release|Any CPU
	EndGlobalSection
	GlobalSection(SolutionProperties) = preSolution
		HideSolutionNode = FALSE
	EndGlobalSection
	GlobalSection(NestedProjects) = preSolution
		{BA285C95-E4A0-48DA-A8C5-43F6D3C1BA07} = {D6E112D7-9669-469B-983C-8B37DF328BF9}
	EndGlobalSection
EndGlobal
